
Microsoft Visual Studio Solution File, Format Version 12.00
# Visual Studio Version 17
VisualStudioVersion = 17.12.35527.113
MinimumVisualStudioVersion = 10.0.40219.1
Project("{2150E333-8FDC-42A3-9474-1A3956D46DE8}") = "src", "src", "{085F3BCE-AB39-4F84-9D48-1C42289EA098}"
EndProject
Project("{2150E333-8FDC-42A3-9474-1A3956D46DE8}") = "Services", "Services", "{DFB3F0C6-76A2-4F01-A8C8-CD4AB038B213}"
EndProject
Project("{2150E333-8FDC-42A3-9474-1A3956D46DE8}") = "IDPServices", "IDPServices", "{29C0446E-5CAB-4CCE-9DC7-4CEF0A5C0CA1}"
EndProject
Project("{FAE04EC0-301F-11D3-BF4B-00C04F79EFBC}") = "IDP.Api", "Src\Services\IDpService\IDP.Api\IDP.Api.csproj", "{B788E49F-4EAC-4B25-BCE1-A044FB0EC277}"
EndProject
Project("{FAE04EC0-301F-11D3-BF4B-00C04F79EFBC}") = "IDP.Domain", "Src\Services\IDpService\IDP.Domain\IDP.Domain.csproj", "{47373A40-7368-453D-9F02-DCC4137DC681}"
EndProject
Project("{FAE04EC0-301F-11D3-BF4B-00C04F79EFBC}") = "IDp.Application", "Src\Services\IDpService\IDp.Application\IDp.Application.csproj", "{8BE9EFE3-17F3-4013-B95A-2EC6A46AB346}"
EndProject
Project("{FAE04EC0-301F-11D3-BF4B-00C04F79EFBC}") = "IDP.Infra", "Src\Services\IDpService\IDP.Infra\IDP.Infra.csproj", "{C94027F5-DB5B-433D-813D-1F7DA5B13AF2}"
EndProject
Project("{FAE04EC0-301F-11D3-BF4B-00C04F79EFBC}") = "IDP.Ioc", "Src\Services\IDpService\IDP.Ioc\IDP.Ioc.csproj", "{555E59A3-EB11-400F-9359-A597753460FA}"
EndProject
Project("{FAE04EC0-301F-11D3-BF4B-00C04F79EFBC}") = "IDp.UnitTest", "Src\Services\IDpService\IDp.UnitTest\IDp.UnitTest.csproj", "{7F96FF60-BD6D-4801-905D-D127FCF3EFD5}"
EndProject
Project("{2150E333-8FDC-42A3-9474-1A3956D46DE8}") = "CatalogServices", "CatalogServices", "{D760596F-9D21-4F3A-B595-D59E54FAF211}"
EndProject
Project("{2150E333-8FDC-42A3-9474-1A3956D46DE8}") = "BasketServices", "BasketServices", "{622D91CC-3A7C-4CFD-A0C4-54F073506673}"
EndProject
Project("{2150E333-8FDC-42A3-9474-1A3956D46DE8}") = "OrderService", "OrderService", "{5030E63D-F16B-4A01-83D0-5C5DE6D5C004}"
EndProject
Project("{2150E333-8FDC-42A3-9474-1A3956D46DE8}") = "Common", "Common", "{CBFF6428-0E04-49FD-A22E-56E59529E784}"
EndProject
Project("{FAE04EC0-301F-11D3-BF4B-00C04F79EFBC}") = "Auth", "Common\Auth\Auth.csproj", "{40DA0C54-785E-4C14-8B51-74C9DF72FC4F}"
EndProject
Global
	GlobalSection(SolutionConfigurationPlatforms) = preSolution
		Debug|Any CPU = Debug|Any CPU
		Release|Any CPU = Release|Any CPU
	EndGlobalSection
	GlobalSection(ProjectConfigurationPlatforms) = postSolution
		{B788E49F-4EAC-4B25-BCE1-A044FB0EC277}.Debug|Any CPU.ActiveCfg = Debug|Any CPU
		{B788E49F-4EAC-4B25-BCE1-A044FB0EC277}.Debug|Any CPU.Build.0 = Debug|Any CPU
		{B788E49F-4EAC-4B25-BCE1-A044FB0EC277}.Release|Any CPU.ActiveCfg = Release|Any CPU
		{B788E49F-4EAC-4B25-BCE1-A044FB0EC277}.Release|Any CPU.Build.0 = Release|Any CPU
		{47373A40-7368-453D-9F02-DCC4137DC681}.Debug|Any CPU.ActiveCfg = Debug|Any CPU
		{47373A40-7368-453D-9F02-DCC4137DC681}.Debug|Any CPU.Build.0 = Debug|Any CPU
		{47373A40-7368-453D-9F02-DCC4137DC681}.Release|Any CPU.ActiveCfg = Release|Any CPU
		{47373A40-7368-453D-9F02-DCC4137DC681}.Release|Any CPU.Build.0 = Release|Any CPU
		{8BE9EFE3-17F3-4013-B95A-2EC6A46AB346}.Debug|Any CPU.ActiveCfg = Debug|Any CPU
		{8BE9EFE3-17F3-4013-B95A-2EC6A46AB346}.Debug|Any CPU.Build.0 = Debug|Any CPU
		{8BE9EFE3-17F3-4013-B95A-2EC6A46AB346}.Release|Any CPU.ActiveCfg = Release|Any CPU
		{8BE9EFE3-17F3-4013-B95A-2EC6A46AB346}.Release|Any CPU.Build.0 = Release|Any CPU
		{C94027F5-DB5B-433D-813D-1F7DA5B13AF2}.Debug|Any CPU.ActiveCfg = Debug|Any CPU
		{C94027F5-DB5B-433D-813D-1F7DA5B13AF2}.Debug|Any CPU.Build.0 = Debug|Any CPU
		{C94027F5-DB5B-433D-813D-1F7DA5B13AF2}.Release|Any CPU.ActiveCfg = Release|Any CPU
		{C94027F5-DB5B-433D-813D-1F7DA5B13AF2}.Release|Any CPU.Build.0 = Release|Any CPU
		{555E59A3-EB11-400F-9359-A597753460FA}.Debug|Any CPU.ActiveCfg = Debug|Any CPU
		{555E59A3-EB11-400F-9359-A597753460FA}.Debug|Any CPU.Build.0 = Debug|Any CPU
		{555E59A3-EB11-400F-9359-A597753460FA}.Release|Any CPU.ActiveCfg = Release|Any CPU
		{555E59A3-EB11-400F-9359-A597753460FA}.Release|Any CPU.Build.0 = Release|Any CPU
		{7F96FF60-BD6D-4801-905D-D127FCF3EFD5}.Debug|Any CPU.ActiveCfg = Debug|Any CPU
		{7F96FF60-BD6D-4801-905D-D127FCF3EFD5}.Debug|Any CPU.Build.0 = Debug|Any CPU
		{7F96FF60-BD6D-4801-905D-D127FCF3EFD5}.Release|Any CPU.ActiveCfg = Release|Any CPU
		{7F96FF60-BD6D-4801-905D-D127FCF3EFD5}.Release|Any CPU.Build.0 = Release|Any CPU
		{40DA0C54-785E-4C14-8B51-74C9DF72FC4F}.Debug|Any CPU.ActiveCfg = Debug|Any CPU
		{40DA0C54-785E-4C14-8B51-74C9DF72FC4F}.Debug|Any CPU.Build.0 = Debug|Any CPU
		{40DA0C54-785E-4C14-8B51-74C9DF72FC4F}.Release|Any CPU.ActiveCfg = Release|Any CPU
		{40DA0C54-785E-4C14-8B51-74C9DF72FC4F}.Release|Any CPU.Build.0 = Release|Any CPU
	EndGlobalSection
	GlobalSection(SolutionProperties) = preSolution
		HideSolutionNode = FALSE
	EndGlobalSection
	GlobalSection(NestedProjects) = preSolution
		{DFB3F0C6-76A2-4F01-A8C8-CD4AB038B213} = {085F3BCE-AB39-4F84-9D48-1C42289EA098}
		{29C0446E-5CAB-4CCE-9DC7-4CEF0A5C0CA1} = {DFB3F0C6-76A2-4F01-A8C8-CD4AB038B213}
		{B788E49F-4EAC-4B25-BCE1-A044FB0EC277} = {29C0446E-5CAB-4CCE-9DC7-4CEF0A5C0CA1}
		{47373A40-7368-453D-9F02-DCC4137DC681} = {29C0446E-5CAB-4CCE-9DC7-4CEF0A5C0CA1}
		{8BE9EFE3-17F3-4013-B95A-2EC6A46AB346} = {29C0446E-5CAB-4CCE-9DC7-4CEF0A5C0CA1}
		{C94027F5-DB5B-433D-813D-1F7DA5B13AF2} = {29C0446E-5CAB-4CCE-9DC7-4CEF0A5C0CA1}
		{555E59A3-EB11-400F-9359-A597753460FA} = {29C0446E-5CAB-4CCE-9DC7-4CEF0A5C0CA1}
		{7F96FF60-BD6D-4801-905D-D127FCF3EFD5} = {29C0446E-5CAB-4CCE-9DC7-4CEF0A5C0CA1}
		{D760596F-9D21-4F3A-B595-D59E54FAF211} = {DFB3F0C6-76A2-4F01-A8C8-CD4AB038B213}
		{622D91CC-3A7C-4CFD-A0C4-54F073506673} = {DFB3F0C6-76A2-4F01-A8C8-CD4AB038B213}
		{5030E63D-F16B-4A01-83D0-5C5DE6D5C004} = {DFB3F0C6-76A2-4F01-A8C8-CD4AB038B213}
		{CBFF6428-0E04-49FD-A22E-56E59529E784} = {085F3BCE-AB39-4F84-9D48-1C42289EA098}
		{40DA0C54-785E-4C14-8B51-74C9DF72FC4F} = {CBFF6428-0E04-49FD-A22E-56E59529E784}
	EndGlobalSection
EndGlobal
